
Microsoft Visual Studio Solution File, Format Version 12.00
# Visual Studio Version 16
VisualStudioVersion = 16.0.30611.23
MinimumVisualStudioVersion = 10.0.40219.1
Project("{FAE04EC0-301F-11D3-BF4B-00C04F79EFBC}") = "B22 Ex02 Natali 318614906 Hila 207298894", "B22 Ex02 Natali 318614906 Hila 207298894\B22 Ex02 Natali 318614906 Hila 207298894.csproj", "{AB352E8B-2FE0-45C9-BD2B-FFCCA83DBAAB}"
EndProject
Global
	GlobalSection(SolutionConfigurationPlatforms) = preSolution
		Debug|Any CPU = Debug|Any CPU
		Release|Any CPU = Release|Any CPU
	EndGlobalSection
	GlobalSection(ProjectConfigurationPlatforms) = postSolution
		{AB352E8B-2FE0-45C9-BD2B-FFCCA83DBAAB}.Debug|Any CPU.ActiveCfg = Debug|Any CPU
		{AB352E8B-2FE0-45C9-BD2B-FFCCA83DBAAB}.Debug|Any CPU.Build.0 = Debug|Any CPU
		{AB352E8B-2FE0-45C9-BD2B-FFCCA83DBAAB}.Release|Any CPU.ActiveCfg = Release|Any CPU
		{AB352E8B-2FE0-45C9-BD2B-FFCCA83DBAAB}.Release|Any CPU.Build.0 = Release|Any CPU
	EndGlobalSection
	GlobalSection(SolutionProperties) = preSolution
		HideSolutionNode = FALSE
	EndGlobalSection
	GlobalSection(ExtensibilityGlobals) = postSolution
		SolutionGuid = {DEE78378-0921-4AF3-BA55-580E05113DBA}
	EndGlobalSection
EndGlobal
